
Microsoft Visual Studio Solution File, Format Version 12.00
# Visual Studio Version 17
VisualStudioVersion = 17.0.31903.59
MinimumVisualStudioVersion = 10.0.40219.1
Project("{FAE04EC0-301F-11D3-BF4B-00C04F79EFBC}") = "Domain", "Domain\Domain.csproj", "{792181F2-4349-42DC-B5AA-EC1ACF23B102}"
EndProject
Project("{FAE04EC0-301F-11D3-BF4B-00C04F79EFBC}") = "Application", "Application\Application.csproj", "{B200D9EE-D3D5-467B-8F79-8C6DD026964D}"
EndProject
Project("{FAE04EC0-301F-11D3-BF4B-00C04F79EFBC}") = "Infrastructure", "Infrastructure\Infrastructure.csproj", "{AF721826-0901-4218-B916-67BE82056D8D}"
EndProject
Project("{FAE04EC0-301F-11D3-BF4B-00C04F79EFBC}") = "Presentation", "Presentation\Presentation.csproj", "{EFD38A79-79AA-4EE9-9A6A-42C4DD72A884}"
EndProject
Global
	GlobalSection(SolutionConfigurationPlatforms) = preSolution
		Debug|Any CPU = Debug|Any CPU
		Release|Any CPU = Release|Any CPU
	EndGlobalSection
	GlobalSection(SolutionProperties) = preSolution
		HideSolutionNode = FALSE
	EndGlobalSection
	GlobalSection(ProjectConfigurationPlatforms) = postSolution
		{792181F2-4349-42DC-B5AA-EC1ACF23B102}.Debug|Any CPU.ActiveCfg = Debug|Any CPU
		{792181F2-4349-42DC-B5AA-EC1ACF23B102}.Debug|Any CPU.Build.0 = Debug|Any CPU
		{792181F2-4349-42DC-B5AA-EC1ACF23B102}.Release|Any CPU.ActiveCfg = Release|Any CPU
		{792181F2-4349-42DC-B5AA-EC1ACF23B102}.Release|Any CPU.Build.0 = Release|Any CPU
		{B200D9EE-D3D5-467B-8F79-8C6DD026964D}.Debug|Any CPU.ActiveCfg = Debug|Any CPU
		{B200D9EE-D3D5-467B-8F79-8C6DD026964D}.Debug|Any CPU.Build.0 = Debug|Any CPU
		{B200D9EE-D3D5-467B-8F79-8C6DD026964D}.Release|Any CPU.ActiveCfg = Release|Any CPU
		{B200D9EE-D3D5-467B-8F79-8C6DD026964D}.Release|Any CPU.Build.0 = Release|Any CPU
		{AF721826-0901-4218-B916-67BE82056D8D}.Debug|Any CPU.ActiveCfg = Debug|Any CPU
		{AF721826-0901-4218-B916-67BE82056D8D}.Debug|Any CPU.Build.0 = Debug|Any CPU
		{AF721826-0901-4218-B916-67BE82056D8D}.Release|Any CPU.ActiveCfg = Release|Any CPU
		{AF721826-0901-4218-B916-67BE82056D8D}.Release|Any CPU.Build.0 = Release|Any CPU
		{EFD38A79-79AA-4EE9-9A6A-42C4DD72A884}.Debug|Any CPU.ActiveCfg = Debug|Any CPU
		{EFD38A79-79AA-4EE9-9A6A-42C4DD72A884}.Debug|Any CPU.Build.0 = Debug|Any CPU
		{EFD38A79-79AA-4EE9-9A6A-42C4DD72A884}.Release|Any CPU.ActiveCfg = Release|Any CPU
		{EFD38A79-79AA-4EE9-9A6A-42C4DD72A884}.Release|Any CPU.Build.0 = Release|Any CPU
	EndGlobalSection
EndGlobal
